# Pinned Python Dependencies for Reproducibility
# Generated for vLLM on ROCm gfx1151

# Core Build Tools
cmake==3.27.7
ninja==1.11.1
packaging==23.2
setuptools==68.2.2
wheel==0.41.2
scikit-build-core==0.5.1

# vLLM Dependencies (Pinned)
# Note: PyTorch is installed separately via the ROCm index
numpy==1.26.4
scipy==1.11.4
sentencepiece==0.2.0
transformers==4.36.2
tokenizers==0.15.0
fastapi==0.104.1
uvicorn==0.24.0
pydantic==2.5.2
aioprometheus==23.12.0
prometheus-client==0.19.0
msgspec==0.18.6
gguf==0.10.0
tiktoken==0.5.2
lm-format-enforcer==0.11.3
outlines==0.0.34

# ROCm Specifics
amdsmi; sys_platform == "linux"
